
Microsoft Visual Studio Solution File, Format Version 12.00
# Visual Studio 2013
VisualStudioVersion = 12.0.40629.0
MinimumVisualStudioVersion = 10.0.40219.1
Project("{FAE04EC0-301F-11D3-BF4B-00C04F79EFBC}") = "TDD", "TDD\TDD.csproj", "{17945DAC-89CE-4A3E-A764-77C569754802}"
EndProject
Project("{FAE04EC0-301F-11D3-BF4B-00C04F79EFBC}") = "TDDTest", "TDDTest\TDDTest.csproj", "{73AD7382-06E8-45DE-978F-3658C9F16DD4}"
EndProject
Global
	GlobalSection(SolutionConfigurationPlatforms) = preSolution
		Debug|Any CPU = Debug|Any CPU
		Release|Any CPU = Release|Any CPU
	EndGlobalSection
	GlobalSection(ProjectConfigurationPlatforms) = postSolution
		{17945DAC-89CE-4A3E-A764-77C569754802}.Debug|Any CPU.ActiveCfg = Debug|Any CPU
		{17945DAC-89CE-4A3E-A764-77C569754802}.Debug|Any CPU.Build.0 = Debug|Any CPU
		{17945DAC-89CE-4A3E-A764-77C569754802}.Release|Any CPU.ActiveCfg = Release|Any CPU
		{17945DAC-89CE-4A3E-A764-77C569754802}.Release|Any CPU.Build.0 = Release|Any CPU
		{73AD7382-06E8-45DE-978F-3658C9F16DD4}.Debug|Any CPU.ActiveCfg = Debug|Any CPU
		{73AD7382-06E8-45DE-978F-3658C9F16DD4}.Debug|Any CPU.Build.0 = Debug|Any CPU
		{73AD7382-06E8-45DE-978F-3658C9F16DD4}.Release|Any CPU.ActiveCfg = Release|Any CPU
		{73AD7382-06E8-45DE-978F-3658C9F16DD4}.Release|Any CPU.Build.0 = Release|Any CPU
	EndGlobalSection
	GlobalSection(SolutionProperties) = preSolution
		HideSolutionNode = FALSE
	EndGlobalSection
EndGlobal
